# This file is automatically @generated by Poetry 1.6.1 and should not be changed by hand.

[[package]]
name = "geoip2fast"
version = "1.2.1"
description = "GeoIP2Fast is the fastest GeoIP2 country/city/asn lookup library that supports IPv4 and IPv6. A search takes less than 0.00003 seconds. It has its own data file updated twice a week with Maxmind-Geolite2-CSV, supports IPv4/IPv6 and is Pure Python!"
optional = false
python-versions = ">=3.7"
files = [
    {file = "geoip2fast-1.2.1.tar.gz", hash = "sha256:75bb4cd4931c245c5aaecdac7e2d2a350689e1dba4a1a5371eef92263995adb2"},
]

[metadata]
lock-version = "2.0"
python-versions = "^3.10"
content-hash = "3eab693507272bfe5cf63ddcd74a41399de431dddbb500aa85c9aa7f09a9d610"
